{
  "name": "codekit-project",
  "version": "1.0.0",
  "lockfileVersion": 1,
  "requires": true,
  "dependencies": {
    "gsap": {
      "version": "3.10.3",
      "resolved": "https://registry.npmjs.org/gsap/-/gsap-3.10.3.tgz",
      "integrity": "sha512-O4P5mC6awoo0uSemZ1kS1Nm52I4/3gC8gy6ws6VFXvR1KmA4oRlBY/ZI4+LWsH0MoSDZrpwNyF9FAkB37UTGVg=="
    }
  }
}
